﻿
Microsoft Visual Studio Solution File, Format Version 12.00
# Visual Studio Version 17
VisualStudioVersion = 17.0.31903.59
MinimumVisualStudioVersion = 10.0.40219.1
Project("{2150E333-8FDC-42A3-9474-1A3956D46DE8}") = "src", "src", "{827E0CD3-B72D-47B6-A68D-7590B98EB39B}"
EndProject
Project("{FAE04EC0-301F-11D3-BF4B-00C04F79EFBC}") = "IPScaner.Core", "src\IPScaner.Core\IPScaner.Core.csproj", "{107492A5-0B33-4761-AFA9-111FDF392513}"
EndProject
Project("{FAE04EC0-301F-11D3-BF4B-00C04F79EFBC}") = "IPScaner.WinUI", "src\IPScaner.WinUI\IPScaner.WinUI.csproj", "{969779BA-41B3-45DB-A611-8106FEECC83D}"
EndProject
Project("{2150E333-8FDC-42A3-9474-1A3956D46DE8}") = "tests", "tests", "{0AB3BF05-4346-4AA6-1389-037BE0695223}"
EndProject
Project("{FAE04EC0-301F-11D3-BF4B-00C04F79EFBC}") = "IPScaner.Core.Tests", "tests\IPScaner.Core.Tests\IPScaner.Core.Tests.csproj", "{E47EF02B-BDB5-43AB-AE0A-27C4292F432A}"
EndProject
Global
	GlobalSection(SolutionConfigurationPlatforms) = preSolution
		Debug|Any CPU = Debug|Any CPU
		Debug|x64 = Debug|x64
		Debug|x86 = Debug|x86
		Release|Any CPU = Release|Any CPU
		Release|x64 = Release|x64
		Release|x86 = Release|x86
	EndGlobalSection
	GlobalSection(ProjectConfigurationPlatforms) = postSolution
		{107492A5-0B33-4761-AFA9-111FDF392513}.Debug|Any CPU.ActiveCfg = Debug|Any CPU
		{107492A5-0B33-4761-AFA9-111FDF392513}.Debug|Any CPU.Build.0 = Debug|Any CPU
		{107492A5-0B33-4761-AFA9-111FDF392513}.Debug|x64.ActiveCfg = Debug|Any CPU
		{107492A5-0B33-4761-AFA9-111FDF392513}.Debug|x64.Build.0 = Debug|Any CPU
		{107492A5-0B33-4761-AFA9-111FDF392513}.Debug|x86.ActiveCfg = Debug|Any CPU
		{107492A5-0B33-4761-AFA9-111FDF392513}.Debug|x86.Build.0 = Debug|Any CPU
		{107492A5-0B33-4761-AFA9-111FDF392513}.Release|Any CPU.ActiveCfg = Release|Any CPU
		{107492A5-0B33-4761-AFA9-111FDF392513}.Release|Any CPU.Build.0 = Release|Any CPU
		{107492A5-0B33-4761-AFA9-111FDF392513}.Release|x64.ActiveCfg = Release|Any CPU
		{107492A5-0B33-4761-AFA9-111FDF392513}.Release|x64.Build.0 = Release|Any CPU
		{107492A5-0B33-4761-AFA9-111FDF392513}.Release|x86.ActiveCfg = Release|Any CPU
		{107492A5-0B33-4761-AFA9-111FDF392513}.Release|x86.Build.0 = Release|Any CPU
		{969779BA-41B3-45DB-A611-8106FEECC83D}.Debug|Any CPU.ActiveCfg = Debug|x64
		{969779BA-41B3-45DB-A611-8106FEECC83D}.Debug|Any CPU.Build.0 = Debug|x64
		{969779BA-41B3-45DB-A611-8106FEECC83D}.Debug|x64.ActiveCfg = Debug|x64
		{969779BA-41B3-45DB-A611-8106FEECC83D}.Debug|x64.Build.0 = Debug|x64
		{969779BA-41B3-45DB-A611-8106FEECC83D}.Debug|x86.ActiveCfg = Debug|x64
		{969779BA-41B3-45DB-A611-8106FEECC83D}.Debug|x86.Build.0 = Debug|x64
		{969779BA-41B3-45DB-A611-8106FEECC83D}.Release|Any CPU.ActiveCfg = Release|x64
		{969779BA-41B3-45DB-A611-8106FEECC83D}.Release|Any CPU.Build.0 = Release|x64
		{969779BA-41B3-45DB-A611-8106FEECC83D}.Release|x64.ActiveCfg = Release|x64
		{969779BA-41B3-45DB-A611-8106FEECC83D}.Release|x64.Build.0 = Release|x64
		{969779BA-41B3-45DB-A611-8106FEECC83D}.Release|x86.ActiveCfg = Release|x64
		{969779BA-41B3-45DB-A611-8106FEECC83D}.Release|x86.Build.0 = Release|x64
		{E47EF02B-BDB5-43AB-AE0A-27C4292F432A}.Debug|Any CPU.ActiveCfg = Debug|Any CPU
		{E47EF02B-BDB5-43AB-AE0A-27C4292F432A}.Debug|Any CPU.Build.0 = Debug|Any CPU
		{E47EF02B-BDB5-43AB-AE0A-27C4292F432A}.Debug|x64.ActiveCfg = Debug|Any CPU
		{E47EF02B-BDB5-43AB-AE0A-27C4292F432A}.Debug|x64.Build.0 = Debug|Any CPU
		{E47EF02B-BDB5-43AB-AE0A-27C4292F432A}.Debug|x86.ActiveCfg = Debug|Any CPU
		{E47EF02B-BDB5-43AB-AE0A-27C4292F432A}.Debug|x86.Build.0 = Debug|Any CPU
		{E47EF02B-BDB5-43AB-AE0A-27C4292F432A}.Release|Any CPU.ActiveCfg = Release|Any CPU
		{E47EF02B-BDB5-43AB-AE0A-27C4292F432A}.Release|Any CPU.Build.0 = Release|Any CPU
		{E47EF02B-BDB5-43AB-AE0A-27C4292F432A}.Release|x64.ActiveCfg = Release|Any CPU
		{E47EF02B-BDB5-43AB-AE0A-27C4292F432A}.Release|x64.Build.0 = Release|Any CPU
		{E47EF02B-BDB5-43AB-AE0A-27C4292F432A}.Release|x86.ActiveCfg = Release|Any CPU
		{E47EF02B-BDB5-43AB-AE0A-27C4292F432A}.Release|x86.Build.0 = Release|Any CPU
	EndGlobalSection
	GlobalSection(SolutionProperties) = preSolution
		HideSolutionNode = FALSE
	EndGlobalSection
	GlobalSection(NestedProjects) = preSolution
		{107492A5-0B33-4761-AFA9-111FDF392513} = {827E0CD3-B72D-47B6-A68D-7590B98EB39B}
		{969779BA-41B3-45DB-A611-8106FEECC83D} = {827E0CD3-B72D-47B6-A68D-7590B98EB39B}
		{E47EF02B-BDB5-43AB-AE0A-27C4292F432A} = {0AB3BF05-4346-4AA6-1389-037BE0695223}
	EndGlobalSection
EndGlobal
